{
    "_readme": [
        "This file locks the dependencies of your project to a known state",
        "Read more about it at http://getcomposer.org/doc/01-basic-usage.md#composer-lock-the-lock-file"
    ],
    "hash": "ed3e74b9c3f4cccecce322d014120e2d",
    "packages": [
        {
            "name": "crisu83/yiistrap",
            "version": "dev-master",
            "source": {
                "type": "git",
                "url": "https://github.com/Crisu83/yiistrap.git",
                "reference": "588688af403b31e1655a4bc99eaa8df3b3f2fc90"
            },
            "dist": {
                "type": "zip",
                "url": "https://api.github.com/repos/Crisu83/yiistrap/zipball/588688af403b31e1655a4bc99eaa8df3b3f2fc90",
                "reference": "588688af403b31e1655a4bc99eaa8df3b3f2fc90",
                "shasum": ""
            },
            "require-dev": {
                "codeception/codeception": "@stable",
                "crisu83/yii-composer": "dev-master",
                "php": ">=5.3.0",
                "yiisoft/yii": "1.1.13"
            },
            "type": "library",
            "extra": {
                "yii-install-writable": [
                    "tests/_log"
                ]
            },
            "notification-url": "https://packagist.org/downloads/",
            "license": [
                "BSD-3-Clause"
            ],
            "authors": [
                {
                    "name": "Christoffer Niska",
                    "email": "christoffer.niska@gmail.com",
                    "homepage": "http://www.cniska.net/"
                },
                {
                    "name": "Antonio Ramirez",
                    "email": "ramirez.cobos@gmail.com",
                    "homepage": "http://www.ramirezcobos.com/"
                }
            ],
            "description": "Twitter Bootstrap for the Yii PHP framework.",
            "keywords": [
                "bootstrap",
                "yii"
            ],
            "time": "2013-08-08 15:16:57"
        },
        {
            "name": "nineinchnick/edatatables",
            "version": "0.9.3",
            "source": {
                "type": "git",
                "url": "https://github.com/nineinchnick/edatatables.git",
                "reference": "v0.9.3"
            },
            "dist": {
                "type": "zip",
                "url": "https://api.github.com/repos/nineinchnick/edatatables/zipball/v0.9.3",
                "reference": "v0.9.3",
                "shasum": ""
            },
            "require": {
                "php": ">=5.3.0"
            },
            "type": "library",
            "notification-url": "https://packagist.org/downloads/",
            "license": [
                "BSD-3-Clause"
            ],
            "authors": [
                {
                    "name": "Jan Waś",
                    "email": "janek.jan@gmail.com",
                    "homepage": "http://niix.pl/"
                }
            ],
            "description": "Grid widget for the Yii Framework, wrapper for the DataTables jQuery plugin",
            "time": "2013-05-22 21:15:57"
        },
        {
            "name": "nineinchnick/select2",
            "version": "1.0",
            "source": {
                "type": "git",
                "url": "https://github.com/nineinchnick/ESelect2.git",
                "reference": "v1.0.0"
            },
            "dist": {
                "type": "zip",
                "url": "https://api.github.com/repos/nineinchnick/ESelect2/zipball/v1.0.0",
                "reference": "v1.0.0",
                "shasum": ""
            },
            "type": "library",
            "notification-url": "https://packagist.org/downloads/",
            "authors": [
                {
                    "name": "Jan Waś",
                    "email": "janek.jan@gmail.com",
                    "homepage": "http://niix.pl/"
                },
                {
                    "name": "Anggiajuang Patria",
                    "email": "anggiaj@gmail.com",
                    "homepage": "http://anggiaj.herokuapp.com/"
                }
            ],
            "description": "Wrapper for ivaynberg jQuery select2",
            "time": "2013-08-13 18:16:40"
        },
        {
            "name": "nineinchnick/yii-exporter",
            "version": "dev-master",
            "source": {
                "type": "git",
                "url": "https://github.com/nineinchnick/yii-exporter.git",
                "reference": "6d322b38191eeba8d834de94c99c275a0ea8071f"
            },
            "dist": {
                "type": "zip",
                "url": "https://api.github.com/repos/nineinchnick/yii-exporter/zipball/6d322b38191eeba8d834de94c99c275a0ea8071f",
                "reference": "6d322b38191eeba8d834de94c99c275a0ea8071f",
                "shasum": ""
            },
            "type": "library",
            "notification-url": "https://packagist.org/downloads/",
            "license": [
                "BSD-3-Clause"
            ],
            "authors": [
                {
                    "name": "Jan Waś",
                    "email": "janek.jan@gmail.com",
                    "homepage": "http://niix.pl/"
                }
            ],
            "description": "A widget for the Yii framework for exporting data.",
            "time": "2013-08-15 08:44:40"
        },
        {
            "name": "nineinchnick/yii-nfy",
            "version": "dev-master",
            "source": {
                "type": "git",
                "url": "https://github.com/nineinchnick/yii-nfy.git",
                "reference": "v0.5.5"
            },
            "dist": {
                "type": "zip",
                "url": "https://api.github.com/repos/nineinchnick/yii-nfy/zipball/v0.5.5",
                "reference": "v0.5.5",
                "shasum": ""
            },
            "require": {
                "php": ">=5.3.0"
            },
            "type": "library",
            "notification-url": "https://packagist.org/downloads/",
            "license": [
                "BSD-3-Clause"
            ],
            "authors": [
                {
                    "name": "Jan Waś",
                    "email": "janek.jan@gmail.com",
                    "homepage": "http://niix.pl/"
                }
            ],
            "description": "Yii framework module for ending notifications and displaying them using web notifications and ajax polling.",
            "time": "2013-08-12 17:00:18"
        },
        {
            "name": "nineinchnick/yii-usr",
            "version": "dev-master",
            "source": {
                "type": "git",
                "url": "https://github.com/nineinchnick/yii-usr.git",
                "reference": "v0.7.5"
            },
            "dist": {
                "type": "zip",
                "url": "https://api.github.com/repos/nineinchnick/yii-usr/zipball/v0.7.5",
                "reference": "v0.7.5",
                "shasum": ""
            },
            "require": {
                "php": ">=5.3.0"
            },
            "type": "library",
            "notification-url": "https://packagist.org/downloads/",
            "license": [
                "BSD-3-Clause"
            ],
            "authors": [
                {
                    "name": "Jan Waś",
                    "email": "janek.jan@gmail.com",
                    "homepage": "http://niix.pl/"
                }
            ],
            "description": "Yii framework module for user authentication, password reset, registration and profile updating.",
            "time": "2013-08-12 16:49:45"
        },
        {
            "name": "yiisoft/yii",
            "version": "1.1.14",
            "source": {
                "type": "git",
                "url": "https://github.com/yiisoft/yii.git",
                "reference": "1.1.14"
            },
            "dist": {
                "type": "zip",
                "url": "https://api.github.com/repos/yiisoft/yii/zipball/1.1.14",
                "reference": "1.1.14",
                "shasum": ""
            },
            "require": {
                "php": ">=5.1.0"
            },
            "bin": [
                "framework/yiic"
            ],
            "type": "library",
            "notification-url": "https://packagist.org/downloads/",
            "license": [
                "BSD-3-Clause"
            ],
            "authors": [
                {
                    "name": "Qiang Xue",
                    "email": "qiang.xue@gmail.com",
                    "homepage": "http://www.yiiframework.com/",
                    "role": "Founder and project lead"
                },
                {
                    "name": "Alexander Makarov",
                    "email": "sam@rmcreative.ru",
                    "homepage": "http://rmcreative.ru/",
                    "role": "Core framework development"
                },
                {
                    "name": "Maurizio Domba",
                    "homepage": "http://mdomba.info/",
                    "role": "Core framework development"
                },
                {
                    "name": "Carsten Brandt",
                    "email": "mail@cebe.cc",
                    "homepage": "http://cebe.cc/",
                    "role": "Core framework development"
                },
                {
                    "name": "Wei Zhuo",
                    "email": "weizhuo@gmail.com",
                    "role": "Project site maintenance and development"
                },
                {
                    "name": "Sebastián Thierer",
                    "email": "sebas@artfos.com",
                    "role": "Component development"
                },
                {
                    "name": "Jeffrey Winesett",
                    "email": "jefftulsa@gmail.com",
                    "role": "Documentation and marketing"
                },
                {
                    "name": "Timur Ruziev",
                    "email": "resurtm@gmail.com",
                    "homepage": "http://resurtm.com/",
                    "role": "Core framework development"
                },
                {
                    "name": "Paul Klimov",
                    "email": "klimov.paul@gmail.com",
                    "role": "Core framework development"
                }
            ],
            "description": "Yii Web Programming Framework",
            "homepage": "http://www.yiiframework.com/",
            "keywords": [
                "framework",
                "yii"
            ],
            "time": "2013-08-12 00:12:08"
        }
    ],
    "packages-dev": [

    ],
    "aliases": [

    ],
    "minimum-stability": "stable",
    "stability-flags": {
        "nineinchnick/yii-nfy": 20,
        "nineinchnick/yii-usr": 20,
        "nineinchnick/yii-exporter": 20,
        "crisu83/yiistrap": 20
    },
    "platform": {
        "php": ">=5.3.2"
    },
    "platform-dev": [

    ]
}
