{
    "_readme": [
        "This file locks the dependencies of your project to a known state",
        "Read more about it at http://getcomposer.org/doc/01-basic-usage.md#composer-lock-the-lock-file"
    ],
    "hash": "39b77ba5bc956d18f46d504ebf8ba580",
    "packages": [
        {
            "name": "crisu83/yiistrap",
            "version": "dev-master",
            "source": {
                "type": "git",
                "url": "https://github.com/Crisu83/yiistrap.git",
                "reference": "f9cc90770d57aa48fde0dcb0a1a10481d3c146b5"
            },
            "dist": {
                "type": "zip",
                "url": "https://api.github.com/repos/Crisu83/yiistrap/zipball/f9cc90770d57aa48fde0dcb0a1a10481d3c146b5",
                "reference": "f9cc90770d57aa48fde0dcb0a1a10481d3c146b5",
                "shasum": ""
            },
            "require-dev": {
                "codeception/codeception": "@stable",
                "crisu83/yii-composer": ">=1.0.0",
                "yiisoft/yii": ">=1.1.13"
            },
            "type": "library",
            "extra": {
                "yii-install-writable": [
                    "tests/_log"
                ]
            },
            "autoload": {
                "classmap": [
                    "behaviors/",
                    "components/",
                    "form/",
                    "helpers/",
                    "widgets/"
                ]
            },
            "notification-url": "https://packagist.org/downloads/",
            "license": [
                "BSD-3-Clause"
            ],
            "authors": [
                {
                    "name": "Christoffer Niska",
                    "email": "christoffer.niska@gmail.com",
                    "homepage": "http://www.cniska.net/"
                },
                {
                    "name": "Antonio Ramirez",
                    "email": "ramirez.cobos@gmail.com",
                    "homepage": "http://www.ramirezcobos.com/"
                }
            ],
            "description": "Twitter Bootstrap for the Yii PHP framework.",
            "keywords": [
                "bootstrap",
                "yii"
            ],
            "time": "2014-02-24 07:53:45"
        },
        {
            "name": "fzaninotto/faker",
            "version": "dev-master",
            "source": {
                "type": "git",
                "url": "https://github.com/fzaninotto/Faker.git",
                "reference": "61a62d67ec2d5a19aa653ffe411f312e306556be"
            },
            "dist": {
                "type": "zip",
                "url": "https://api.github.com/repos/fzaninotto/Faker/zipball/61a62d67ec2d5a19aa653ffe411f312e306556be",
                "reference": "61a62d67ec2d5a19aa653ffe411f312e306556be",
                "shasum": ""
            },
            "require": {
                "php": ">=5.3.3"
            },
            "type": "library",
            "extra": {
                "branch-alias": {
                    "dev-master": "1.4.x-dev"
                }
            },
            "autoload": {
                "psr-0": {
                    "Faker": "src/",
                    "Faker\\PHPUnit": "test/"
                }
            },
            "notification-url": "https://packagist.org/downloads/",
            "license": [
                "MIT"
            ],
            "authors": [
                {
                    "name": "François Zaninotto"
                }
            ],
            "description": "Faker is a PHP library that generates fake data for you.",
            "keywords": [
                "data",
                "faker",
                "fixtures"
            ],
            "time": "2014-02-24 21:51:30"
        },
        {
            "name": "nineinchnick/edatatables",
            "version": "dev-master",
            "source": {
                "type": "git",
                "url": "https://github.com/nineinchnick/edatatables.git",
                "reference": "e29deebdd6393188f779855efaa3a524d79f338c"
            },
            "dist": {
                "type": "zip",
                "url": "https://api.github.com/repos/nineinchnick/edatatables/zipball/e29deebdd6393188f779855efaa3a524d79f338c",
                "reference": "e29deebdd6393188f779855efaa3a524d79f338c",
                "shasum": ""
            },
            "require": {
                "php": ">=5.3.0"
            },
            "type": "library",
            "notification-url": "https://packagist.org/downloads/",
            "license": [
                "BSD-3-Clause"
            ],
            "authors": [
                {
                    "name": "Jan Waś",
                    "email": "janek.jan@gmail.com",
                    "homepage": "http://niix.pl/"
                }
            ],
            "description": "Grid widget for the Yii Framework, wrapper for the DataTables jQuery plugin",
            "time": "2014-02-27 18:48:11"
        },
        {
            "name": "nineinchnick/select2",
            "version": "1.0",
            "source": {
                "type": "git",
                "url": "https://github.com/nineinchnick/ESelect2.git",
                "reference": "v1.0.0"
            },
            "dist": {
                "type": "zip",
                "url": "https://api.github.com/repos/nineinchnick/ESelect2/zipball/v1.0.0",
                "reference": "v1.0.0",
                "shasum": ""
            },
            "type": "library",
            "notification-url": "https://packagist.org/downloads/",
            "authors": [
                {
                    "name": "Jan Waś",
                    "email": "janek.jan@gmail.com",
                    "homepage": "http://niix.pl/"
                },
                {
                    "name": "Anggiajuang Patria",
                    "email": "anggiaj@gmail.com",
                    "homepage": "http://anggiaj.herokuapp.com/"
                }
            ],
            "description": "Wrapper for ivaynberg jQuery select2",
            "time": "2013-08-13 18:16:40"
        },
        {
            "name": "nineinchnick/yii-exporter",
            "version": "dev-master",
            "source": {
                "type": "git",
                "url": "https://github.com/nineinchnick/yii-exporter.git",
                "reference": "278e2ec4ad83cf63c9e38e63190f5d40bc84165e"
            },
            "dist": {
                "type": "zip",
                "url": "https://api.github.com/repos/nineinchnick/yii-exporter/zipball/278e2ec4ad83cf63c9e38e63190f5d40bc84165e",
                "reference": "278e2ec4ad83cf63c9e38e63190f5d40bc84165e",
                "shasum": ""
            },
            "type": "library",
            "notification-url": "https://packagist.org/downloads/",
            "license": [
                "BSD-3-Clause"
            ],
            "authors": [
                {
                    "name": "Jan Waś",
                    "email": "janek.jan@gmail.com",
                    "homepage": "http://niix.pl/"
                }
            ],
            "description": "A widget for the Yii framework for exporting data.",
            "time": "2014-02-03 16:48:31"
        },
        {
            "name": "nineinchnick/yii-nfy",
            "version": "dev-master",
            "source": {
                "type": "git",
                "url": "https://github.com/nineinchnick/yii-nfy.git",
                "reference": "fe8d8981f6836955520738ca2b5bab62e2e22f67"
            },
            "dist": {
                "type": "zip",
                "url": "https://api.github.com/repos/nineinchnick/yii-nfy/zipball/fe8d8981f6836955520738ca2b5bab62e2e22f67",
                "reference": "fe8d8981f6836955520738ca2b5bab62e2e22f67",
                "shasum": ""
            },
            "require": {
                "php": ">=5.3.0"
            },
            "type": "library",
            "notification-url": "https://packagist.org/downloads/",
            "license": [
                "MIT"
            ],
            "authors": [
                {
                    "name": "Jan Waś",
                    "email": "janek.jan@gmail.com",
                    "homepage": "http://niix.pl/"
                }
            ],
            "description": "Yii framework module for ending notifications and displaying them using web notifications and ajax polling.",
            "time": "2014-02-27 18:47:50"
        },
        {
            "name": "nineinchnick/yii-usr",
            "version": "dev-master",
            "source": {
                "type": "git",
                "url": "https://github.com/nineinchnick/yii-usr.git",
                "reference": "8a12538a666f202080a351cf03a3e817e65df796"
            },
            "dist": {
                "type": "zip",
                "url": "https://api.github.com/repos/nineinchnick/yii-usr/zipball/8a12538a666f202080a351cf03a3e817e65df796",
                "reference": "8a12538a666f202080a351cf03a3e817e65df796",
                "shasum": ""
            },
            "require": {
                "php": ">=5.3.0"
            },
            "type": "library",
            "notification-url": "https://packagist.org/downloads/",
            "license": [
                "BSD-3-Clause"
            ],
            "authors": [
                {
                    "name": "Jan Waś",
                    "email": "janek.jan@gmail.com",
                    "homepage": "http://niix.pl/"
                }
            ],
            "description": "Yii framework module for user authentication, password reset, registration and profile updating.",
            "time": "2014-02-26 13:16:43"
        },
        {
            "name": "pdepend/pdepend",
            "version": "1.1.3",
            "source": {
                "type": "git",
                "url": "https://github.com/pdepend/pdepend.git",
                "reference": "1537f19d62d7b30c13ac173270106df7c6b9c459"
            },
            "dist": {
                "type": "zip",
                "url": "https://api.github.com/repos/pdepend/pdepend/zipball/1537f19d62d7b30c13ac173270106df7c6b9c459",
                "reference": "1537f19d62d7b30c13ac173270106df7c6b9c459",
                "shasum": ""
            },
            "require": {
                "php": ">=5.2.3"
            },
            "bin": [
                "src/bin/pdepend"
            ],
            "type": "library",
            "autoload": {
                "psr-0": {
                    "PHP_": "src/main/php/"
                }
            },
            "notification-url": "https://packagist.org/downloads/",
            "license": [
                "BSD-3-Clause"
            ],
            "description": "Official version of pdepend to be handled with Composer",
            "time": "2013-12-04 17:46:00"
        },
        {
            "name": "phpmd/phpmd",
            "version": "1.5.0",
            "source": {
                "type": "git",
                "url": "https://github.com/phpmd/phpmd.git",
                "reference": "692b7b1b64518091b2b1bea91b489dbb13598c07"
            },
            "dist": {
                "type": "zip",
                "url": "https://api.github.com/repos/phpmd/phpmd/zipball/692b7b1b64518091b2b1bea91b489dbb13598c07",
                "reference": "692b7b1b64518091b2b1bea91b489dbb13598c07",
                "shasum": ""
            },
            "require": {
                "pdepend/pdepend": ">=1.1.1",
                "php": ">=5.3.0"
            },
            "bin": [
                "src/bin/phpmd"
            ],
            "type": "library",
            "notification-url": "https://packagist.org/downloads/",
            "include-path": [
                "../../pdepend/pdepend/src/main/php",
                "src/main/php"
            ],
            "description": "Official version of PHPMD handled with Composer.",
            "time": "2013-07-26 14:47:02"
        },
        {
            "name": "yiisoft/yii",
            "version": "1.1.14",
            "source": {
                "type": "git",
                "url": "https://github.com/yiisoft/yii.git",
                "reference": "1.1.14"
            },
            "dist": {
                "type": "zip",
                "url": "https://api.github.com/repos/yiisoft/yii/zipball/1.1.14",
                "reference": "1.1.14",
                "shasum": ""
            },
            "require": {
                "php": ">=5.1.0"
            },
            "bin": [
                "framework/yiic"
            ],
            "type": "library",
            "notification-url": "https://packagist.org/downloads/",
            "license": [
                "BSD-3-Clause"
            ],
            "authors": [
                {
                    "name": "Qiang Xue",
                    "email": "qiang.xue@gmail.com",
                    "homepage": "http://www.yiiframework.com/",
                    "role": "Founder and project lead"
                },
                {
                    "name": "Alexander Makarov",
                    "email": "sam@rmcreative.ru",
                    "homepage": "http://rmcreative.ru/",
                    "role": "Core framework development"
                },
                {
                    "name": "Maurizio Domba",
                    "homepage": "http://mdomba.info/",
                    "role": "Core framework development"
                },
                {
                    "name": "Carsten Brandt",
                    "email": "mail@cebe.cc",
                    "homepage": "http://cebe.cc/",
                    "role": "Core framework development"
                },
                {
                    "name": "Wei Zhuo",
                    "email": "weizhuo@gmail.com",
                    "role": "Project site maintenance and development"
                },
                {
                    "name": "Sebastián Thierer",
                    "email": "sebas@artfos.com",
                    "role": "Component development"
                },
                {
                    "name": "Jeffrey Winesett",
                    "email": "jefftulsa@gmail.com",
                    "role": "Documentation and marketing"
                },
                {
                    "name": "Timur Ruziev",
                    "email": "resurtm@gmail.com",
                    "homepage": "http://resurtm.com/",
                    "role": "Core framework development"
                },
                {
                    "name": "Paul Klimov",
                    "email": "klimov.paul@gmail.com",
                    "role": "Core framework development"
                }
            ],
            "description": "Yii Web Programming Framework",
            "homepage": "http://www.yiiframework.com/",
            "keywords": [
                "framework",
                "yii"
            ],
            "time": "2013-08-12 00:12:08"
        }
    ],
    "packages-dev": [

    ],
    "aliases": [

    ],
    "minimum-stability": "stable",
    "stability-flags": {
        "nineinchnick/edatatables": 20,
        "nineinchnick/yii-nfy": 20,
        "nineinchnick/yii-usr": 20,
        "nineinchnick/yii-exporter": 20,
        "crisu83/yiistrap": 20,
        "fzaninotto/faker": 20
    },
    "platform": {
        "php": ">=5.3.2"
    },
    "platform-dev": [

    ]
}
