{
    "_readme": [
        "This file locks the dependencies of your project to a known state",
        "Read more about it at http://getcomposer.org/doc/01-basic-usage.md#composer-lock-the-lock-file",
        "This file is @generated automatically"
    ],
    "hash": "c378918654666094463d61af34850e13",
    "packages": [
        {
            "name": "crisu83/yiistrap",
            "version": "dev-master",
            "source": {
                "type": "git",
                "url": "https://github.com/crisu83/yiistrap.git",
                "reference": "98ba4b081070c6285be26ef676106608edfe40ea"
            },
            "dist": {
                "type": "zip",
                "url": "https://api.github.com/repos/crisu83/yiistrap/zipball/98ba4b081070c6285be26ef676106608edfe40ea",
                "reference": "98ba4b081070c6285be26ef676106608edfe40ea",
                "shasum": ""
            },
            "require": {
                "twbs/bootstrap": ">=3.3.0"
            },
            "require-dev": {
                "apigen/apigen": "~4.0",
                "codeception/codeception": "@stable",
                "crisu83/yii-composer": ">=1.0.0",
                "yiisoft/yii": ">=1.1.13"
            },
            "type": "library",
            "extra": {
                "branch-alias": {
                    "dev-develop": "2.0.x-dev"
                },
                "yii-install-writable": [
                    "tests/_log"
                ]
            },
            "autoload": {
                "classmap": [
                    "behaviors/",
                    "components/",
                    "form/",
                    "helpers/",
                    "widgets/",
                    "gii/bootstrap/BootstrapCode.php"
                ]
            },
            "notification-url": "https://packagist.org/downloads/",
            "license": [
                "BSD-3-Clause"
            ],
            "authors": [
                {
                    "name": "Christoffer Niska",
                    "email": "christoffer.niska@gmail.com",
                    "homepage": "http://www.cniska.net/"
                },
                {
                    "name": "Antonio Ramirez",
                    "email": "ramirez.cobos@gmail.com",
                    "homepage": "http://www.ramirezcobos.com/"
                }
            ],
            "description": "Twitter Bootstrap for the Yii PHP framework.",
            "keywords": [
                "bootstrap",
                "yii"
            ],
            "time": "2015-04-17 07:37:12"
        },
        {
            "name": "datatables/datatables",
            "version": "1.10.6",
            "source": {
                "type": "git",
                "url": "https://github.com/DataTables/DataTables.git",
                "reference": "34abc58d70949446e556c212e7e625e6cc6fd3b5"
            },
            "dist": {
                "type": "zip",
                "url": "https://api.github.com/repos/DataTables/DataTables/zipball/34abc58d70949446e556c212e7e625e6cc6fd3b5",
                "reference": "34abc58d70949446e556c212e7e625e6cc6fd3b5",
                "shasum": ""
            },
            "type": "library",
            "notification-url": "https://packagist.org/downloads/",
            "license": [
                "MIT"
            ],
            "description": "DataTables is a plug-in for the jQuery Javascript library. It is a highly flexible tool, based upon the foundations of progressive enhancement, which will add advanced interaction controls to any HTML table.",
            "homepage": "http://www.datatables.net/",
            "time": "2015-04-03 13:47:53"
        },
        {
            "name": "fzaninotto/faker",
            "version": "dev-master",
            "source": {
                "type": "git",
                "url": "https://github.com/fzaninotto/Faker.git",
                "reference": "901bde792eddf6907f33634ff8aafb2dfddd4784"
            },
            "dist": {
                "type": "zip",
                "url": "https://api.github.com/repos/fzaninotto/Faker/zipball/901bde792eddf6907f33634ff8aafb2dfddd4784",
                "reference": "901bde792eddf6907f33634ff8aafb2dfddd4784",
                "shasum": ""
            },
            "require": {
                "php": ">=5.3.3"
            },
            "require-dev": {
                "phpunit/phpunit": "~4.0",
                "squizlabs/php_codesniffer": "~1.5"
            },
            "suggest": {
                "ext-intl": "*"
            },
            "type": "library",
            "extra": {
                "branch-alias": {
                    "dev-master": "1.5.x-dev"
                }
            },
            "autoload": {
                "psr-4": {
                    "Faker\\": "src/Faker/"
                }
            },
            "notification-url": "https://packagist.org/downloads/",
            "license": [
                "MIT"
            ],
            "authors": [
                {
                    "name": "Francois Zaninotto"
                }
            ],
            "description": "Faker is a PHP library that generates fake data for you.",
            "keywords": [
                "data",
                "faker",
                "fixtures"
            ],
            "time": "2015-04-14 13:37:56"
        },
        {
            "name": "mozarcik/yii-datepicker",
            "version": "1.4.1",
            "source": {
                "type": "git",
                "url": "https://github.com/mozarcik/yii-datepicker.git",
                "reference": "13acaa532790f7c0e65adab25daa73127a1211b6"
            },
            "dist": {
                "type": "zip",
                "url": "https://api.github.com/repos/mozarcik/yii-datepicker/zipball/13acaa532790f7c0e65adab25daa73127a1211b6",
                "reference": "13acaa532790f7c0e65adab25daa73127a1211b6",
                "shasum": ""
            },
            "require": {
                "php": ">=5.3.0"
            },
            "type": "library",
            "notification-url": "https://packagist.org/downloads/",
            "license": [
                "BSD-3-Clause"
            ],
            "authors": [
                {
                    "name": "Michał Motyczko",
                    "email": "michal@motyczko.pl",
                    "homepage": "http://motyczko.pl/"
                }
            ],
            "description": "Yii extension wrapper for bootstrap-datepicker",
            "time": "2014-10-30 12:53:49"
        },
        {
            "name": "nineinchnick/edatatables",
            "version": "dev-mm-dt-upgrade-1.10",
            "source": {
                "type": "git",
                "url": "https://github.com/nineinchnick/edatatables.git",
                "reference": "6311396aad3d40031bad79d6edacdbecc3f0cfd3"
            },
            "dist": {
                "type": "zip",
                "url": "https://api.github.com/repos/nineinchnick/edatatables/zipball/6311396aad3d40031bad79d6edacdbecc3f0cfd3",
                "reference": "6311396aad3d40031bad79d6edacdbecc3f0cfd3",
                "shasum": ""
            },
            "require": {
                "datatables/datatables": "1.10.*",
                "mozarcik/yii-datepicker": "1.4.*",
                "php": ">=5.3.0"
            },
            "type": "library",
            "notification-url": "https://packagist.org/downloads/",
            "license": [
                "BSD-3-Clause"
            ],
            "authors": [
                {
                    "name": "Jan Waś",
                    "email": "janek.jan@gmail.com",
                    "homepage": "http://niix.pl/"
                }
            ],
            "description": "Grid widget for the Yii Framework, wrapper for the DataTables jQuery plugin",
            "time": "2015-04-22 20:30:39"
        },
        {
            "name": "nineinchnick/select2",
            "version": "1.0",
            "source": {
                "type": "git",
                "url": "https://github.com/nineinchnick/ESelect2.git",
                "reference": "c0f86039aebdbd1256d36f5a6439fedbe2700b80"
            },
            "dist": {
                "type": "zip",
                "url": "https://api.github.com/repos/nineinchnick/ESelect2/zipball/c0f86039aebdbd1256d36f5a6439fedbe2700b80",
                "reference": "c0f86039aebdbd1256d36f5a6439fedbe2700b80",
                "shasum": ""
            },
            "type": "library",
            "notification-url": "https://packagist.org/downloads/",
            "authors": [
                {
                    "name": "Jan Waś",
                    "email": "janek.jan@gmail.com",
                    "homepage": "http://niix.pl/"
                },
                {
                    "name": "Anggiajuang Patria",
                    "email": "anggiaj@gmail.com",
                    "homepage": "http://anggiaj.herokuapp.com/"
                }
            ],
            "description": "Wrapper for ivaynberg jQuery select2",
            "time": "2013-08-13 18:16:40"
        },
        {
            "name": "nineinchnick/yii-exporter",
            "version": "dev-master",
            "source": {
                "type": "git",
                "url": "https://github.com/nineinchnick/yii-exporter.git",
                "reference": "8150930f3eb99e93e761f3e192e81d0ff9004640"
            },
            "dist": {
                "type": "zip",
                "url": "https://api.github.com/repos/nineinchnick/yii-exporter/zipball/8150930f3eb99e93e761f3e192e81d0ff9004640",
                "reference": "8150930f3eb99e93e761f3e192e81d0ff9004640",
                "shasum": ""
            },
            "type": "library",
            "notification-url": "https://packagist.org/downloads/",
            "license": [
                "BSD-3-Clause"
            ],
            "authors": [
                {
                    "name": "Jan Waś",
                    "email": "janek.jan@gmail.com"
                }
            ],
            "description": "A widget for the Yii framework for exporting data.",
            "time": "2014-08-28 12:01:49"
        },
        {
            "name": "nineinchnick/yii-nfy",
            "version": "dev-master",
            "source": {
                "type": "git",
                "url": "https://github.com/nineinchnick/yii-nfy.git",
                "reference": "c6d871fa1b0b03bc62cabab900bc9a1ed90243f5"
            },
            "dist": {
                "type": "zip",
                "url": "https://api.github.com/repos/nineinchnick/yii-nfy/zipball/c6d871fa1b0b03bc62cabab900bc9a1ed90243f5",
                "reference": "c6d871fa1b0b03bc62cabab900bc9a1ed90243f5",
                "shasum": ""
            },
            "require": {
                "php": ">=5.3.0"
            },
            "type": "library",
            "notification-url": "https://packagist.org/downloads/",
            "license": [
                "MIT"
            ],
            "authors": [
                {
                    "name": "Jan Waś",
                    "email": "janek.jan@gmail.com",
                    "homepage": "http://niix.pl/"
                }
            ],
            "description": "Yii framework module for ending notifications and displaying them using web notifications and ajax polling.",
            "time": "2015-02-27 14:12:53"
        },
        {
            "name": "nineinchnick/yii-usr",
            "version": "dev-master",
            "source": {
                "type": "git",
                "url": "https://github.com/nineinchnick/yii-usr.git",
                "reference": "cd99538cab35719aec4ea83ed5dbe13d61ef506f"
            },
            "dist": {
                "type": "zip",
                "url": "https://api.github.com/repos/nineinchnick/yii-usr/zipball/cd99538cab35719aec4ea83ed5dbe13d61ef506f",
                "reference": "cd99538cab35719aec4ea83ed5dbe13d61ef506f",
                "shasum": ""
            },
            "require": {
                "php": ">=5.3.0"
            },
            "require-dev": {
                "php": ">=5.3.0",
                "phpunit": "dev-master"
            },
            "type": "library",
            "notification-url": "https://packagist.org/downloads/",
            "license": [
                "BSD-3-Clause"
            ],
            "authors": [
                {
                    "name": "Jan Waś",
                    "email": "janek.jan@gmail.com",
                    "homepage": "http://niix.pl/"
                }
            ],
            "description": "Yii framework module for user authentication, password reset, registration and profile updating.",
            "time": "2015-04-22 11:16:28"
        },
        {
            "name": "pdepend/pdepend",
            "version": "1.1.3",
            "source": {
                "type": "git",
                "url": "https://github.com/pdepend/pdepend.git",
                "reference": "1537f19d62d7b30c13ac173270106df7c6b9c459"
            },
            "dist": {
                "type": "zip",
                "url": "https://api.github.com/repos/pdepend/pdepend/zipball/1537f19d62d7b30c13ac173270106df7c6b9c459",
                "reference": "1537f19d62d7b30c13ac173270106df7c6b9c459",
                "shasum": ""
            },
            "require": {
                "php": ">=5.2.3"
            },
            "bin": [
                "src/bin/pdepend"
            ],
            "type": "library",
            "autoload": {
                "psr-0": {
                    "PHP_": "src/main/php/"
                }
            },
            "notification-url": "https://packagist.org/downloads/",
            "license": [
                "BSD-3-Clause"
            ],
            "description": "Official version of pdepend to be handled with Composer",
            "time": "2013-12-04 17:46:00"
        },
        {
            "name": "phpmd/phpmd",
            "version": "1.5.1",
            "source": {
                "type": "git",
                "url": "https://github.com/phpmd/phpmd.git",
                "reference": "f2d47500f4c5f80ee442d95829c62c2ece2bbeb6"
            },
            "dist": {
                "type": "zip",
                "url": "https://api.github.com/repos/phpmd/phpmd/zipball/f2d47500f4c5f80ee442d95829c62c2ece2bbeb6",
                "reference": "f2d47500f4c5f80ee442d95829c62c2ece2bbeb6",
                "shasum": ""
            },
            "require": {
                "pdepend/pdepend": "1.1.*",
                "php": ">=5.3.0"
            },
            "require-dev": {
                "phpunit/phpunit": "3.*@stable",
                "squizlabs/php_codesniffer": "@stable"
            },
            "bin": [
                "src/bin/phpmd"
            ],
            "type": "library",
            "notification-url": "https://packagist.org/downloads/",
            "include-path": [
                "../../pdepend/pdepend/src/main/php",
                "src/main/php"
            ],
            "license": [
                "BSD-3-Clause"
            ],
            "description": "Official version of PHPMD handled with Composer.",
            "time": "2014-09-16 14:26:49"
        },
        {
            "name": "twbs/bootstrap",
            "version": "v3.3.4",
            "source": {
                "type": "git",
                "url": "https://github.com/twbs/bootstrap.git",
                "reference": "a10eb60bc0b07b747fa0c4ebd8821eb7307bd07f"
            },
            "dist": {
                "type": "zip",
                "url": "https://api.github.com/repos/twbs/bootstrap/zipball/a10eb60bc0b07b747fa0c4ebd8821eb7307bd07f",
                "reference": "a10eb60bc0b07b747fa0c4ebd8821eb7307bd07f",
                "shasum": ""
            },
            "replace": {
                "twitter/bootstrap": "self.version"
            },
            "type": "library",
            "extra": {
                "branch-alias": {
                    "dev-master": "3.3.x-dev"
                }
            },
            "notification-url": "https://packagist.org/downloads/",
            "license": [
                "MIT"
            ],
            "authors": [
                {
                    "name": "Jacob Thornton",
                    "email": "jacobthornton@gmail.com"
                },
                {
                    "name": "Mark Otto",
                    "email": "markdotto@gmail.com"
                }
            ],
            "description": "The most popular front-end framework for developing responsive, mobile first projects on the web.",
            "homepage": "http://getbootstrap.com",
            "keywords": [
                "JS",
                "css",
                "framework",
                "front-end",
                "less",
                "mobile-first",
                "responsive",
                "web"
            ],
            "time": "2015-03-16 15:44:41"
        },
        {
            "name": "yiisoft/yii",
            "version": "1.1.14",
            "source": {
                "type": "git",
                "url": "https://github.com/yiisoft/yii.git",
                "reference": "f0fee98ee84f70f1f3652f65562c9670e919cb4e"
            },
            "dist": {
                "type": "zip",
                "url": "https://api.github.com/repos/yiisoft/yii/zipball/f0fee98ee84f70f1f3652f65562c9670e919cb4e",
                "reference": "f0fee98ee84f70f1f3652f65562c9670e919cb4e",
                "shasum": ""
            },
            "require": {
                "php": ">=5.1.0"
            },
            "bin": [
                "framework/yiic"
            ],
            "type": "library",
            "notification-url": "https://packagist.org/downloads/",
            "license": [
                "BSD-3-Clause"
            ],
            "authors": [
                {
                    "name": "Qiang Xue",
                    "email": "qiang.xue@gmail.com",
                    "homepage": "http://www.yiiframework.com/",
                    "role": "Founder and project lead"
                },
                {
                    "name": "Alexander Makarov",
                    "email": "sam@rmcreative.ru",
                    "homepage": "http://rmcreative.ru/",
                    "role": "Core framework development"
                },
                {
                    "name": "Maurizio Domba",
                    "homepage": "http://mdomba.info/",
                    "role": "Core framework development"
                },
                {
                    "name": "Carsten Brandt",
                    "email": "mail@cebe.cc",
                    "homepage": "http://cebe.cc/",
                    "role": "Core framework development"
                },
                {
                    "name": "Wei Zhuo",
                    "email": "weizhuo@gmail.com",
                    "role": "Project site maintenance and development"
                },
                {
                    "name": "Sebastián Thierer",
                    "email": "sebas@artfos.com",
                    "role": "Component development"
                },
                {
                    "name": "Jeffrey Winesett",
                    "email": "jefftulsa@gmail.com",
                    "role": "Documentation and marketing"
                },
                {
                    "name": "Timur Ruziev",
                    "email": "resurtm@gmail.com",
                    "homepage": "http://resurtm.com/",
                    "role": "Core framework development"
                },
                {
                    "name": "Paul Klimov",
                    "email": "klimov.paul@gmail.com",
                    "role": "Core framework development"
                }
            ],
            "description": "Yii Web Programming Framework",
            "homepage": "http://www.yiiframework.com/",
            "keywords": [
                "framework",
                "yii"
            ],
            "time": "2013-08-12 00:12:08"
        }
    ],
    "packages-dev": [],
    "aliases": [
        {
            "alias": "dev-master",
            "alias_normalized": "9999999-dev",
            "version": "dev-mm-dt-upgrade-1.10",
            "package": "nineinchnick/edatatables"
        }
    ],
    "minimum-stability": "stable",
    "stability-flags": {
        "nineinchnick/edatatables": 20,
        "nineinchnick/yii-nfy": 20,
        "nineinchnick/yii-usr": 20,
        "nineinchnick/yii-exporter": 20,
        "crisu83/yiistrap": 20,
        "fzaninotto/faker": 20
    },
    "prefer-stable": false,
    "prefer-lowest": false,
    "platform": {
        "php": ">=5.3.2"
    },
    "platform-dev": []
}
